
Microsoft Visual Studio Solution File, Format Version 12.00
# Visual Studio 15
VisualStudioVersion = 15.0.28307.168
MinimumVisualStudioVersion = 10.0.40219.1
Project("{FAE04EC0-301F-11D3-BF4B-00C04F79EFBC}") = "BPlusTree", "BPlusTree\BPlusTree.csproj", "{31AB0266-3968-4EE5-9E35-3A4F7F7E58A9}"
EndProject
Project("{FAE04EC0-301F-11D3-BF4B-00C04F79EFBC}") = "ConsoleApp1", "ConsoleApp1\ConsoleApp1.csproj", "{BF899CBD-4547-4CF4-BF0E-113657E36212}"
EndProject
Global
	GlobalSection(SolutionConfigurationPlatforms) = preSolution
		Debug|Any CPU = Debug|Any CPU
		Release|Any CPU = Release|Any CPU
	EndGlobalSection
	GlobalSection(ProjectConfigurationPlatforms) = postSolution
		{31AB0266-3968-4EE5-9E35-3A4F7F7E58A9}.Debug|Any CPU.ActiveCfg = Debug|Any CPU
		{31AB0266-3968-4EE5-9E35-3A4F7F7E58A9}.Debug|Any CPU.Build.0 = Debug|Any CPU
		{31AB0266-3968-4EE5-9E35-3A4F7F7E58A9}.Release|Any CPU.ActiveCfg = Release|Any CPU
		{31AB0266-3968-4EE5-9E35-3A4F7F7E58A9}.Release|Any CPU.Build.0 = Release|Any CPU
		{BF899CBD-4547-4CF4-BF0E-113657E36212}.Debug|Any CPU.ActiveCfg = Debug|Any CPU
		{BF899CBD-4547-4CF4-BF0E-113657E36212}.Debug|Any CPU.Build.0 = Debug|Any CPU
		{BF899CBD-4547-4CF4-BF0E-113657E36212}.Release|Any CPU.ActiveCfg = Release|Any CPU
		{BF899CBD-4547-4CF4-BF0E-113657E36212}.Release|Any CPU.Build.0 = Release|Any CPU
	EndGlobalSection
	GlobalSection(SolutionProperties) = preSolution
		HideSolutionNode = FALSE
	EndGlobalSection
	GlobalSection(ExtensibilityGlobals) = postSolution
		SolutionGuid = {5EE3D4AC-6F5F-462A-8331-46AD927FA330}
	EndGlobalSection
EndGlobal
